// !$*UTF8*$!
{
	archiveVersion = 1;
	classes = {
	};
	objectVersion = 46;
	objects = {

/* Begin PBXFileReference section */
		01D71C4E19E16489002A76F6 /* LinearRegression.swift */ = {isa = PBXFileReference; lastKnownFileType = sourcecode.swift; path = LinearRegression.swift; sourceTree = "<group>"; };
/* End PBXFileReference section */

/* Begin PBXGroup section */
		01D71C4719E16467002A76F6 = {
			isa = PBXGroup;
			children = (
				01D71C4E19E16489002A76F6 /* LinearRegression.swift */,
			);
			sourceTree = "<group>";
		};
/* End PBXGroup section */

/* Begin PBXProject section */
		01D71C4819E16467002A76F6 /* Project object */ = {
			isa = PBXProject;
			attributes = {
				LastUpgradeCheck = 0610;
			};
			buildConfigurationList = 01D71C4B19E16467002A76F6 /* Build configuration list for PBXProject "LinearRegression" */;
			compatibilityVersion = "Xcode 3.2";
			developmentRegion = English;
			hasScannedForEncodings = 0;
			knownRegions = (
				en,
			);
			mainGroup = 01D71C4719E16467002A76F6;
			projectDirPath = "";
			projectRoot = "";
			targets = (
			);
		};
/* End PBXProject section */

/* Begin XCBuildConfiguration section */
		01D71C4C19E16467002A76F6 /* Debug */ = {
			isa = XCBuildConfiguration;
			buildSettings = {
			};
			name = Debug;
		};
		01D71C4D19E16467002A76F6 /* Release */ = {
			isa = XCBuildConfiguration;
			buildSettings = {
			};
			name = Release;
		};
/* End XCBuildConfiguration section */

/* Begin XCConfigurationList section */
		01D71C4B19E16467002A76F6 /* Build configuration list for PBXProject "LinearRegression" */ = {
			isa = XCConfigurationList;
			buildConfigurations = (
				01D71C4C19E16467002A76F6 /* Debug */,
				01D71C4D19E16467002A76F6 /* Release */,
			);
			defaultConfigurationIsVisible = 0;
			defaultConfigurationName = Release;
		};
/* End XCConfigurationList section */
	};
	rootObject = 01D71C4819E16467002A76F6 /* Project object */;
}
